
Microsoft Visual Studio Solution File, Format Version 12.00
# Visual Studio Version 17
VisualStudioVersion = 17.10.35122.118
MinimumVisualStudioVersion = 10.0.40219.1
Project("{9A19103F-16F7-4668-BE54-9A1E7A4F7556}") = "42019222_WebAPI", "42019222_WebAPI.csproj", "{DD235E60-0D29-4DCC-AD97-E73897E36F8C}"
EndProject
Project("{2150E333-8FDC-42A3-9474-1A3956D46DE8}") = "Data", "Data", "{EFBEE45E-9473-48E3-B269-AF2E665BB245}"
EndProject
Project("{2150E333-8FDC-42A3-9474-1A3956D46DE8}") = "Solution Items", "Solution Items", "{1F377BAB-BF6B-471A-9B25-E781834A7772}"
	ProjectSection(SolutionItems) = preProject
		Startup.cs = Startup.cs
	EndProjectSection
EndProject
Project("{2150E333-8FDC-42A3-9474-1A3956D46DE8}") = "Authentication", "Authentication", "{2627F167-7D7B-49DA-955B-E8BCB66F5882}"
	ProjectSection(SolutionItems) = preProject
		ApplicationUser.cs = ApplicationUser.cs
		LoginModel.cs = LoginModel.cs
		RegisterModel.cs = RegisterModel.cs
		Response.cs = Response.cs
		UserRoles.cs = UserRoles.cs
	EndProjectSection
EndProject
Global
	GlobalSection(SolutionConfigurationPlatforms) = preSolution
		Debug|Any CPU = Debug|Any CPU
		Release|Any CPU = Release|Any CPU
	EndGlobalSection
	GlobalSection(ProjectConfigurationPlatforms) = postSolution
		{DD235E60-0D29-4DCC-AD97-E73897E36F8C}.Debug|Any CPU.ActiveCfg = Debug|Any CPU
		{DD235E60-0D29-4DCC-AD97-E73897E36F8C}.Debug|Any CPU.Build.0 = Debug|Any CPU
		{DD235E60-0D29-4DCC-AD97-E73897E36F8C}.Release|Any CPU.ActiveCfg = Release|Any CPU
		{DD235E60-0D29-4DCC-AD97-E73897E36F8C}.Release|Any CPU.Build.0 = Release|Any CPU
	EndGlobalSection
	GlobalSection(SolutionProperties) = preSolution
		HideSolutionNode = FALSE
	EndGlobalSection
	GlobalSection(ExtensibilityGlobals) = postSolution
		SolutionGuid = {BD32FEA5-01D8-4856-8456-85FF41D61048}
	EndGlobalSection
EndGlobal
